
Microsoft Visual Studio Solution File, Format Version 12.00
# Visual Studio 15
VisualStudioVersion = 15.0.28307.757
MinimumVisualStudioVersion = 10.0.40219.1
Project("{FAE04EC0-301F-11D3-BF4B-00C04F79EFBC}") = "ThesisReview", "ThesisReview\ThesisReview.csproj", "{DE723B57-E48A-4D62-B053-46E8CCEFB180}"
EndProject
Global
	GlobalSection(SolutionConfigurationPlatforms) = preSolution
		Debug|Any CPU = Debug|Any CPU
		Release|Any CPU = Release|Any CPU
	EndGlobalSection
	GlobalSection(ProjectConfigurationPlatforms) = postSolution
		{DE723B57-E48A-4D62-B053-46E8CCEFB180}.Debug|Any CPU.ActiveCfg = Debug|Any CPU
		{DE723B57-E48A-4D62-B053-46E8CCEFB180}.Debug|Any CPU.Build.0 = Debug|Any CPU
		{DE723B57-E48A-4D62-B053-46E8CCEFB180}.Release|Any CPU.ActiveCfg = Release|Any CPU
		{DE723B57-E48A-4D62-B053-46E8CCEFB180}.Release|Any CPU.Build.0 = Release|Any CPU
	EndGlobalSection
	GlobalSection(SolutionProperties) = preSolution
		HideSolutionNode = FALSE
	EndGlobalSection
	GlobalSection(ExtensibilityGlobals) = postSolution
		SolutionGuid = {8E8CAA45-E855-440B-8076-9EB967AE8F6D}
	EndGlobalSection
EndGlobal
